
Microsoft Visual Studio Solution File, Format Version 12.00
# Visual Studio Version 17
VisualStudioVersion = 17.14.36127.28 d17.14
MinimumVisualStudioVersion = 10.0.40219.1
Project("{FAE04EC0-301F-11D3-BF4B-00C04F79EFBC}") = "calculo de dano", "calculo de dano\calculo de dano.csproj", "{728F5E14-A263-4799-86CD-DF4B1C7D4881}"
EndProject
Global
	GlobalSection(SolutionConfigurationPlatforms) = preSolution
		Debug|Any CPU = Debug|Any CPU
		Release|Any CPU = Release|Any CPU
	EndGlobalSection
	GlobalSection(ProjectConfigurationPlatforms) = postSolution
		{728F5E14-A263-4799-86CD-DF4B1C7D4881}.Debug|Any CPU.ActiveCfg = Debug|Any CPU
		{728F5E14-A263-4799-86CD-DF4B1C7D4881}.Debug|Any CPU.Build.0 = Debug|Any CPU
		{728F5E14-A263-4799-86CD-DF4B1C7D4881}.Release|Any CPU.ActiveCfg = Release|Any CPU
		{728F5E14-A263-4799-86CD-DF4B1C7D4881}.Release|Any CPU.Build.0 = Release|Any CPU
	EndGlobalSection
	GlobalSection(SolutionProperties) = preSolution
		HideSolutionNode = FALSE
	EndGlobalSection
	GlobalSection(ExtensibilityGlobals) = postSolution
		SolutionGuid = {789B5907-7194-4FB8-B27A-E0C2139BFC16}
	EndGlobalSection
EndGlobal
